// !$*UTF8*$!
{
	archiveVersion = 1;
	classes = {
	};
	objectVersion = 46;
	objects = {

/* Begin PBXBuildFile section */
		28CEEFD11C1139B400A1FBC0 /* AppDelegate.swift in Sources */ = {isa = PBXBuildFile; fileRef = 28CEEFD01C1139B400A1FBC0 /* AppDelegate.swift */; };
		28CEEFD31C1139B400A1FBC0 /* MasterViewController.swift in Sources */ = {isa = PBXBuildFile; fileRef = 28CEEFD21C1139B400A1FBC0 /* MasterViewController.swift */; };
		28CEEFD51C1139B400A1FBC0 /* DetailViewController.swift in Sources */ = {isa = PBXBuildFile; fileRef = 28CEEFD41C1139B400A1FBC0 /* DetailViewController.swift */; };
		28CEEFD81C1139B400A1FBC0 /* Main.storyboard in Resources */ = {isa = PBXBuildFile; fileRef = 28CEEFD61C1139B400A1FBC0 /* Main.storyboard */; };
		28CEEFDA1C1139B400A1FBC0 /* Assets.xcassets in Resources */ = {isa = PBXBuildFile; fileRef = 28CEEFD91C1139B400A1FBC0 /* Assets.xcassets */; };
		28CEEFDD1C1139B400A1FBC0 /* LaunchScreen.storyboard in Resources */ = {isa = PBXBuildFile; fileRef = 28CEEFDB1C1139B400A1FBC0 /* LaunchScreen.storyboard */; };
		28CEEFE81C1139B400A1FBC0 /* jenkins_testTests.swift in Sources */ = {isa = PBXBuildFile; fileRef = 28CEEFE71C1139B400A1FBC0 /* jenkins_testTests.swift */; };
		28CEEFF31C1139B400A1FBC0 /* jenkins_testUITests.swift in Sources */ = {isa = PBXBuildFile; fileRef = 28CEEFF21C1139B400A1FBC0 /* jenkins_testUITests.swift */; };
/* End PBXBuildFile section */

/* Begin PBXContainerItemProxy section */
		28CEEFE41C1139B400A1FBC0 /* PBXContainerItemProxy */ = {
			isa = PBXContainerItemProxy;
			containerPortal = 28CEEFC51C1139B400A1FBC0 /* Project object */;
			proxyType = 1;
			remoteGlobalIDString = 28CEEFCC1C1139B400A1FBC0;
			remoteInfo = jenkins_test;
		};
		28CEEFEF1C1139B400A1FBC0 /* PBXContainerItemProxy */ = {
			isa = PBXContainerItemProxy;
			containerPortal = 28CEEFC51C1139B400A1FBC0 /* Project object */;
			proxyType = 1;
			remoteGlobalIDString = 28CEEFCC1C1139B400A1FBC0;
			remoteInfo = jenkins_test;
		};
/* End PBXContainerItemProxy section */

/* Begin PBXFileReference section */
		28CEEFCD1C1139B400A1FBC0 /* jenkins_test.app */ = {isa = PBXFileReference; explicitFileType = wrapper.application; includeInIndex = 0; path = jenkins_test.app; sourceTree = BUILT_PRODUCTS_DIR; };
		28CEEFD01C1139B400A1FBC0 /* AppDelegate.swift */ = {isa = PBXFileReference; lastKnownFileType = sourcecode.swift; path = AppDelegate.swift; sourceTree = "<group>"; };
		28CEEFD21C1139B400A1FBC0 /* MasterViewController.swift */ = {isa = PBXFileReference; lastKnownFileType = sourcecode.swift; path = MasterViewController.swift; sourceTree = "<group>"; };
		28CEEFD41C1139B400A1FBC0 /* DetailViewController.swift */ = {isa = PBXFileReference; lastKnownFileType = sourcecode.swift; path = DetailViewController.swift; sourceTree = "<group>"; };
		28CEEFD71C1139B400A1FBC0 /* Base */ = {isa = PBXFileReference; lastKnownFileType = file.storyboard; name = Base; path = Base.lproj/Main.storyboard; sourceTree = "<group>"; };
		28CEEFD91C1139B400A1FBC0 /* Assets.xcassets */ = {isa = PBXFileReference; lastKnownFileType = folder.assetcatalog; path = Assets.xcassets; sourceTree = "<group>"; };
		28CEEFDC1C1139B400A1FBC0 /* Base */ = {isa = PBXFileReference; lastKnownFileType = file.storyboard; name = Base; path = Base.lproj/LaunchScreen.storyboard; sourceTree = "<group>"; };
		28CEEFDE1C1139B400A1FBC0 /* Info.plist */ = {isa = PBXFileReference; lastKnownFileType = text.plist.xml; path = Info.plist; sourceTree = "<group>"; };
		28CEEFE31C1139B400A1FBC0 /* jenkins_testTests.xctest */ = {isa = PBXFileReference; explicitFileType = wrapper.cfbundle; includeInIndex = 0; path = jenkins_testTests.xctest; sourceTree = BUILT_PRODUCTS_DIR; };
		28CEEFE71C1139B400A1FBC0 /* jenkins_testTests.swift */ = {isa = PBXFileReference; lastKnownFileType = sourcecode.swift; path = jenkins_testTests.swift; sourceTree = "<group>"; };
		28CEEFE91C1139B400A1FBC0 /* Info.plist */ = {isa = PBXFileReference; lastKnownFileType = text.plist.xml; path = Info.plist; sourceTree = "<group>"; };
		28CEEFEE1C1139B400A1FBC0 /* jenkins_testUITests.xctest */ = {isa = PBXFileReference; explicitFileType = wrapper.cfbundle; includeInIndex = 0; path = jenkins_testUITests.xctest; sourceTree = BUILT_PRODUCTS_DIR; };
		28CEEFF21C1139B400A1FBC0 /* jenkins_testUITests.swift */ = {isa = PBXFileReference; lastKnownFileType = sourcecode.swift; path = jenkins_testUITests.swift; sourceTree = "<group>"; };
		28CEEFF41C1139B400A1FBC0 /* Info.plist */ = {isa = PBXFileReference; lastKnownFileType = text.plist.xml; path = Info.plist; sourceTree = "<group>"; };
/* End PBXFileReference section */

/* Begin PBXFrameworksBuildPhase section */
		28CEEFCA1C1139B400A1FBC0 /* Frameworks */ = {
			isa = PBXFrameworksBuildPhase;
			buildActionMask = 2147483647;
			files = (
			);
			runOnlyForDeploymentPostprocessing = 0;
		};
		28CEEFE01C1139B400A1FBC0 /* Frameworks */ = {
			isa = PBXFrameworksBuildPhase;
			buildActionMask = 2147483647;
			files = (
			);
			runOnlyForDeploymentPostprocessing = 0;
		};
		28CEEFEB1C1139B400A1FBC0 /* Frameworks */ = {
			isa = PBXFrameworksBuildPhase;
			buildActionMask = 2147483647;
			files = (
			);
			runOnlyForDeploymentPostprocessing = 0;
		};
/* End PBXFrameworksBuildPhase section */

/* Begin PBXGroup section */
		28CEEFC41C1139B400A1FBC0 = {
			isa = PBXGroup;
			children = (
				28CEEFCF1C1139B400A1FBC0 /* jenkins_test */,
				28CEEFE61C1139B400A1FBC0 /* jenkins_testTests */,
				28CEEFF11C1139B400A1FBC0 /* jenkins_testUITests */,
				28CEEFCE1C1139B400A1FBC0 /* Products */,
			);
			sourceTree = "<group>";
		};
		28CEEFCE1C1139B400A1FBC0 /* Products */ = {
			isa = PBXGroup;
			children = (
				28CEEFCD1C1139B400A1FBC0 /* jenkins_test.app */,
				28CEEFE31C1139B400A1FBC0 /* jenkins_testTests.xctest */,
				28CEEFEE1C1139B400A1FBC0 /* jenkins_testUITests.xctest */,
			);
			name = Products;
			sourceTree = "<group>";
		};
		28CEEFCF1C1139B400A1FBC0 /* jenkins_test */ = {
			isa = PBXGroup;
			children = (
				28CEEFD01C1139B400A1FBC0 /* AppDelegate.swift */,
				28CEEFD21C1139B400A1FBC0 /* MasterViewController.swift */,
				28CEEFD41C1139B400A1FBC0 /* DetailViewController.swift */,
				28CEEFD61C1139B400A1FBC0 /* Main.storyboard */,
				28CEEFD91C1139B400A1FBC0 /* Assets.xcassets */,
				28CEEFDB1C1139B400A1FBC0 /* LaunchScreen.storyboard */,
				28CEEFDE1C1139B400A1FBC0 /* Info.plist */,
			);
			path = jenkins_test;
			sourceTree = "<group>";
		};
		28CEEFE61C1139B400A1FBC0 /* jenkins_testTests */ = {
			isa = PBXGroup;
			children = (
				28CEEFE71C1139B400A1FBC0 /* jenkins_testTests.swift */,
				28CEEFE91C1139B400A1FBC0 /* Info.plist */,
			);
			path = jenkins_testTests;
			sourceTree = "<group>";
		};
		28CEEFF11C1139B400A1FBC0 /* jenkins_testUITests */ = {
			isa = PBXGroup;
			children = (
				28CEEFF21C1139B400A1FBC0 /* jenkins_testUITests.swift */,
				28CEEFF41C1139B400A1FBC0 /* Info.plist */,
			);
			path = jenkins_testUITests;
			sourceTree = "<group>";
		};
/* End PBXGroup section */

/* Begin PBXNativeTarget section */
		28CEEFCC1C1139B400A1FBC0 /* jenkins_test */ = {
			isa = PBXNativeTarget;
			buildConfigurationList = 28CEEFF71C1139B400A1FBC0 /* Build configuration list for PBXNativeTarget "jenkins_test" */;
			buildPhases = (
				28CEEFC91C1139B400A1FBC0 /* Sources */,
				28CEEFCA1C1139B400A1FBC0 /* Frameworks */,
				28CEEFCB1C1139B400A1FBC0 /* Resources */,
			);
			buildRules = (
			);
			dependencies = (
			);
			name = jenkins_test;
			productName = jenkins_test;
			productReference = 28CEEFCD1C1139B400A1FBC0 /* jenkins_test.app */;
			productType = "com.apple.product-type.application";
		};
		28CEEFE21C1139B400A1FBC0 /* jenkins_testTests */ = {
			isa = PBXNativeTarget;
			buildConfigurationList = 28CEEFFA1C1139B400A1FBC0 /* Build configuration list for PBXNativeTarget "jenkins_testTests" */;
			buildPhases = (
				28CEEFDF1C1139B400A1FBC0 /* Sources */,
				28CEEFE01C1139B400A1FBC0 /* Frameworks */,
				28CEEFE11C1139B400A1FBC0 /* Resources */,
			);
			buildRules = (
			);
			dependencies = (
				28CEEFE51C1139B400A1FBC0 /* PBXTargetDependency */,
			);
			name = jenkins_testTests;
			productName = jenkins_testTests;
			productReference = 28CEEFE31C1139B400A1FBC0 /* jenkins_testTests.xctest */;
			productType = "com.apple.product-type.bundle.unit-test";
		};
		28CEEFED1C1139B400A1FBC0 /* jenkins_testUITests */ = {
			isa = PBXNativeTarget;
			buildConfigurationList = 28CEEFFD1C1139B400A1FBC0 /* Build configuration list for PBXNativeTarget "jenkins_testUITests" */;
			buildPhases = (
				28CEEFEA1C1139B400A1FBC0 /* Sources */,
				28CEEFEB1C1139B400A1FBC0 /* Frameworks */,
				28CEEFEC1C1139B400A1FBC0 /* Resources */,
			);
			buildRules = (
			);
			dependencies = (
				28CEEFF01C1139B400A1FBC0 /* PBXTargetDependency */,
			);
			name = jenkins_testUITests;
			productName = jenkins_testUITests;
			productReference = 28CEEFEE1C1139B400A1FBC0 /* jenkins_testUITests.xctest */;
			productType = "com.apple.product-type.bundle.ui-testing";
		};
/* End PBXNativeTarget section */

/* Begin PBXProject section */
		28CEEFC51C1139B400A1FBC0 /* Project object */ = {
			isa = PBXProject;
			attributes = {
				LastSwiftUpdateCheck = 0710;
				LastUpgradeCheck = 0710;
				ORGANIZATIONNAME = "kouichi honda";
				TargetAttributes = {
					28CEEFCC1C1139B400A1FBC0 = {
						CreatedOnToolsVersion = 7.1.1;
					};
					28CEEFE21C1139B400A1FBC0 = {
						CreatedOnToolsVersion = 7.1.1;
						TestTargetID = 28CEEFCC1C1139B400A1FBC0;
					};
					28CEEFED1C1139B400A1FBC0 = {
						CreatedOnToolsVersion = 7.1.1;
						TestTargetID = 28CEEFCC1C1139B400A1FBC0;
					};
				};
			};
			buildConfigurationList = 28CEEFC81C1139B400A1FBC0 /* Build configuration list for PBXProject "jenkins_test" */;
			compatibilityVersion = "Xcode 3.2";
			developmentRegion = English;
			hasScannedForEncodings = 0;
			knownRegions = (
				en,
				Base,
			);
			mainGroup = 28CEEFC41C1139B400A1FBC0;
			productRefGroup = 28CEEFCE1C1139B400A1FBC0 /* Products */;
			projectDirPath = "";
			projectRoot = "";
			targets = (
				28CEEFCC1C1139B400A1FBC0 /* jenkins_test */,
				28CEEFE21C1139B400A1FBC0 /* jenkins_testTests */,
				28CEEFED1C1139B400A1FBC0 /* jenkins_testUITests */,
			);
		};
/* End PBXProject section */

/* Begin PBXResourcesBuildPhase section */
		28CEEFCB1C1139B400A1FBC0 /* Resources */ = {
			isa = PBXResourcesBuildPhase;
			buildActionMask = 2147483647;
			files = (
				28CEEFDD1C1139B400A1FBC0 /* LaunchScreen.storyboard in Resources */,
				28CEEFDA1C1139B400A1FBC0 /* Assets.xcassets in Resources */,
				28CEEFD81C1139B400A1FBC0 /* Main.storyboard in Resources */,
			);
			runOnlyForDeploymentPostprocessing = 0;
		};
		28CEEFE11C1139B400A1FBC0 /* Resources */ = {
			isa = PBXResourcesBuildPhase;
			buildActionMask = 2147483647;
			files = (
			);
			runOnlyForDeploymentPostprocessing = 0;
		};
		28CEEFEC1C1139B400A1FBC0 /* Resources */ = {
			isa = PBXResourcesBuildPhase;
			buildActionMask = 2147483647;
			files = (
			);
			runOnlyForDeploymentPostprocessing = 0;
		};
/* End PBXResourcesBuildPhase section */

/* Begin PBXSourcesBuildPhase section */
		28CEEFC91C1139B400A1FBC0 /* Sources */ = {
			isa = PBXSourcesBuildPhase;
			buildActionMask = 2147483647;
			files = (
				28CEEFD51C1139B400A1FBC0 /* DetailViewController.swift in Sources */,
				28CEEFD31C1139B400A1FBC0 /* MasterViewController.swift in Sources */,
				28CEEFD11C1139B400A1FBC0 /* AppDelegate.swift in Sources */,
			);
			runOnlyForDeploymentPostprocessing = 0;
		};
		28CEEFDF1C1139B400A1FBC0 /* Sources */ = {
			isa = PBXSourcesBuildPhase;
			buildActionMask = 2147483647;
			files = (
				28CEEFE81C1139B400A1FBC0 /* jenkins_testTests.swift in Sources */,
			);
			runOnlyForDeploymentPostprocessing = 0;
		};
		28CEEFEA1C1139B400A1FBC0 /* Sources */ = {
			isa = PBXSourcesBuildPhase;
			buildActionMask = 2147483647;
			files = (
				28CEEFF31C1139B400A1FBC0 /* jenkins_testUITests.swift in Sources */,
			);
			runOnlyForDeploymentPostprocessing = 0;
		};
/* End PBXSourcesBuildPhase section */

/* Begin PBXTargetDependency section */
		28CEEFE51C1139B400A1FBC0 /* PBXTargetDependency */ = {
			isa = PBXTargetDependency;
			target = 28CEEFCC1C1139B400A1FBC0 /* jenkins_test */;
			targetProxy = 28CEEFE41C1139B400A1FBC0 /* PBXContainerItemProxy */;
		};
		28CEEFF01C1139B400A1FBC0 /* PBXTargetDependency */ = {
			isa = PBXTargetDependency;
			target = 28CEEFCC1C1139B400A1FBC0 /* jenkins_test */;
			targetProxy = 28CEEFEF1C1139B400A1FBC0 /* PBXContainerItemProxy */;
		};
/* End PBXTargetDependency section */

/* Begin PBXVariantGroup section */
		28CEEFD61C1139B400A1FBC0 /* Main.storyboard */ = {
			isa = PBXVariantGroup;
			children = (
				28CEEFD71C1139B400A1FBC0 /* Base */,
			);
			name = Main.storyboard;
			sourceTree = "<group>";
		};
		28CEEFDB1C1139B400A1FBC0 /* LaunchScreen.storyboard */ = {
			isa = PBXVariantGroup;
			children = (
				28CEEFDC1C1139B400A1FBC0 /* Base */,
			);
			name = LaunchScreen.storyboard;
			sourceTree = "<group>";
		};
/* End PBXVariantGroup section */

/* Begin XCBuildConfiguration section */
		28CEEFF51C1139B400A1FBC0 /* Debug */ = {
			isa = XCBuildConfiguration;
			buildSettings = {
				ALWAYS_SEARCH_USER_PATHS = NO;
				CLANG_CXX_LANGUAGE_STANDARD = "gnu++0x";
				CLANG_CXX_LIBRARY = "libc++";
				CLANG_ENABLE_MODULES = YES;
				CLANG_ENABLE_OBJC_ARC = YES;
				CLANG_WARN_BOOL_CONVERSION = YES;
				CLANG_WARN_CONSTANT_CONVERSION = YES;
				CLANG_WARN_DIRECT_OBJC_ISA_USAGE = YES_ERROR;
				CLANG_WARN_EMPTY_BODY = YES;
				CLANG_WARN_ENUM_CONVERSION = YES;
				CLANG_WARN_INT_CONVERSION = YES;
				CLANG_WARN_OBJC_ROOT_CLASS = YES_ERROR;
				CLANG_WARN_UNREACHABLE_CODE = YES;
				CLANG_WARN__DUPLICATE_METHOD_MATCH = YES;
				"CODE_SIGN_IDENTITY[sdk=iphoneos*]" = "iPhone Developer";
				COPY_PHASE_STRIP = NO;
				DEBUG_INFORMATION_FORMAT = dwarf;
				ENABLE_STRICT_OBJC_MSGSEND = YES;
				ENABLE_TESTABILITY = YES;
				GCC_C_LANGUAGE_STANDARD = gnu99;
				GCC_DYNAMIC_NO_PIC = NO;
				GCC_NO_COMMON_BLOCKS = YES;
				GCC_OPTIMIZATION_LEVEL = 0;
				GCC_PREPROCESSOR_DEFINITIONS = (
					"DEBUG=1",
					"$(inherited)",
				);
				GCC_WARN_64_TO_32_BIT_CONVERSION = YES;
				GCC_WARN_ABOUT_RETURN_TYPE = YES_ERROR;
				GCC_WARN_UNDECLARED_SELECTOR = YES;
				GCC_WARN_UNINITIALIZED_AUTOS = YES_AGGRESSIVE;
				GCC_WARN_UNUSED_FUNCTION = YES;
				GCC_WARN_UNUSED_VARIABLE = YES;
				IPHONEOS_DEPLOYMENT_TARGET = 9.1;
				MTL_ENABLE_DEBUG_INFO = YES;
				ONLY_ACTIVE_ARCH = YES;
				SDKROOT = iphoneos;
				SWIFT_OPTIMIZATION_LEVEL = "-Onone";
			};
			name = Debug;
		};
		28CEEFF61C1139B400A1FBC0 /* Release */ = {
			isa = XCBuildConfiguration;
			buildSettings = {
				ALWAYS_SEARCH_USER_PATHS = NO;
				CLANG_CXX_LANGUAGE_STANDARD = "gnu++0x";
				CLANG_CXX_LIBRARY = "libc++";
				CLANG_ENABLE_MODULES = YES;
				CLANG_ENABLE_OBJC_ARC = YES;
				CLANG_WARN_BOOL_CONVERSION = YES;
				CLANG_WARN_CONSTANT_CONVERSION = YES;
				CLANG_WARN_DIRECT_OBJC_ISA_USAGE = YES_ERROR;
				CLANG_WARN_EMPTY_BODY = YES;
				CLANG_WARN_ENUM_CONVERSION = YES;
				CLANG_WARN_INT_CONVERSION = YES;
				CLANG_WARN_OBJC_ROOT_CLASS = YES_ERROR;
				CLANG_WARN_UNREACHABLE_CODE = YES;
				CLANG_WARN__DUPLICATE_METHOD_MATCH = YES;
				"CODE_SIGN_IDENTITY[sdk=iphoneos*]" = "iPhone Developer";
				COPY_PHASE_STRIP = NO;
				DEBUG_INFORMATION_FORMAT = "dwarf-with-dsym";
				ENABLE_NS_ASSERTIONS = NO;
				ENABLE_STRICT_OBJC_MSGSEND = YES;
				GCC_C_LANGUAGE_STANDARD = gnu99;
				GCC_NO_COMMON_BLOCKS = YES;
				GCC_WARN_64_TO_32_BIT_CONVERSION = YES;
				GCC_WARN_ABOUT_RETURN_TYPE = YES_ERROR;
				GCC_WARN_UNDECLARED_SELECTOR = YES;
				GCC_WARN_UNINITIALIZED_AUTOS = YES_AGGRESSIVE;
				GCC_WARN_UNUSED_FUNCTION = YES;
				GCC_WARN_UNUSED_VARIABLE = YES;
				IPHONEOS_DEPLOYMENT_TARGET = 9.1;
				MTL_ENABLE_DEBUG_INFO = NO;
				SDKROOT = iphoneos;
				VALIDATE_PRODUCT = YES;
			};
			name = Release;
		};
		28CEEFF81C1139B400A1FBC0 /* Debug */ = {
			isa = XCBuildConfiguration;
			buildSettings = {
				ASSETCATALOG_COMPILER_APPICON_NAME = AppIcon;
				INFOPLIST_FILE = jenkins_test/Info.plist;
				LD_RUNPATH_SEARCH_PATHS = "$(inherited) @executable_path/Frameworks";
				PRODUCT_BUNDLE_IDENTIFIER = "actindi.net.jenkins-test";
				PRODUCT_NAME = "$(TARGET_NAME)";
			};
			name = Debug;
		};
		28CEEFF91C1139B400A1FBC0 /* Release */ = {
			isa = XCBuildConfiguration;
			buildSettings = {
				ASSETCATALOG_COMPILER_APPICON_NAME = AppIcon;
				INFOPLIST_FILE = jenkins_test/Info.plist;
				LD_RUNPATH_SEARCH_PATHS = "$(inherited) @executable_path/Frameworks";
				PRODUCT_BUNDLE_IDENTIFIER = "actindi.net.jenkins-test";
				PRODUCT_NAME = "$(TARGET_NAME)";
			};
			name = Release;
		};
		28CEEFFB1C1139B400A1FBC0 /* Debug */ = {
			isa = XCBuildConfiguration;
			buildSettings = {
				BUNDLE_LOADER = "$(TEST_HOST)";
				INFOPLIST_FILE = jenkins_testTests/Info.plist;
				LD_RUNPATH_SEARCH_PATHS = "$(inherited) @executable_path/Frameworks @loader_path/Frameworks";
				PRODUCT_BUNDLE_IDENTIFIER = "actindi.net.jenkins-testTests";
				PRODUCT_NAME = "$(TARGET_NAME)";
				TEST_HOST = "$(BUILT_PRODUCTS_DIR)/jenkins_test.app/jenkins_test";
			};
			name = Debug;
		};
		28CEEFFC1C1139B400A1FBC0 /* Release */ = {
			isa = XCBuildConfiguration;
			buildSettings = {
				BUNDLE_LOADER = "$(TEST_HOST)";
				INFOPLIST_FILE = jenkins_testTests/Info.plist;
				LD_RUNPATH_SEARCH_PATHS = "$(inherited) @executable_path/Frameworks @loader_path/Frameworks";
				PRODUCT_BUNDLE_IDENTIFIER = "actindi.net.jenkins-testTests";
				PRODUCT_NAME = "$(TARGET_NAME)";
				TEST_HOST = "$(BUILT_PRODUCTS_DIR)/jenkins_test.app/jenkins_test";
			};
			name = Release;
		};
		28CEEFFE1C1139B400A1FBC0 /* Debug */ = {
			isa = XCBuildConfiguration;
			buildSettings = {
				INFOPLIST_FILE = jenkins_testUITests/Info.plist;
				LD_RUNPATH_SEARCH_PATHS = "$(inherited) @executable_path/Frameworks @loader_path/Frameworks";
				PRODUCT_BUNDLE_IDENTIFIER = "actindi.net.jenkins-testUITests";
				PRODUCT_NAME = "$(TARGET_NAME)";
				TEST_TARGET_NAME = jenkins_test;
				USES_XCTRUNNER = YES;
			};
			name = Debug;
		};
		28CEEFFF1C1139B400A1FBC0 /* Release */ = {
			isa = XCBuildConfiguration;
			buildSettings = {
				INFOPLIST_FILE = jenkins_testUITests/Info.plist;
				LD_RUNPATH_SEARCH_PATHS = "$(inherited) @executable_path/Frameworks @loader_path/Frameworks";
				PRODUCT_BUNDLE_IDENTIFIER = "actindi.net.jenkins-testUITests";
				PRODUCT_NAME = "$(TARGET_NAME)";
				TEST_TARGET_NAME = jenkins_test;
				USES_XCTRUNNER = YES;
			};
			name = Release;
		};
/* End XCBuildConfiguration section */

/* Begin XCConfigurationList section */
		28CEEFC81C1139B400A1FBC0 /* Build configuration list for PBXProject "jenkins_test" */ = {
			isa = XCConfigurationList;
			buildConfigurations = (
				28CEEFF51C1139B400A1FBC0 /* Debug */,
				28CEEFF61C1139B400A1FBC0 /* Release */,
			);
			defaultConfigurationIsVisible = 0;
			defaultConfigurationName = Release;
		};
		28CEEFF71C1139B400A1FBC0 /* Build configuration list for PBXNativeTarget "jenkins_test" */ = {
			isa = XCConfigurationList;
			buildConfigurations = (
				28CEEFF81C1139B400A1FBC0 /* Debug */,
				28CEEFF91C1139B400A1FBC0 /* Release */,
			);
			defaultConfigurationIsVisible = 0;
		};
		28CEEFFA1C1139B400A1FBC0 /* Build configuration list for PBXNativeTarget "jenkins_testTests" */ = {
			isa = XCConfigurationList;
			buildConfigurations = (
				28CEEFFB1C1139B400A1FBC0 /* Debug */,
				28CEEFFC1C1139B400A1FBC0 /* Release */,
			);
			defaultConfigurationIsVisible = 0;
		};
		28CEEFFD1C1139B400A1FBC0 /* Build configuration list for PBXNativeTarget "jenkins_testUITests" */ = {
			isa = XCConfigurationList;
			buildConfigurations = (
				28CEEFFE1C1139B400A1FBC0 /* Debug */,
				28CEEFFF1C1139B400A1FBC0 /* Release */,
			);
			defaultConfigurationIsVisible = 0;
		};
/* End XCConfigurationList section */
	};
	rootObject = 28CEEFC51C1139B400A1FBC0 /* Project object */;
}
